
Microsoft Visual Studio Solution File, Format Version 12.00
# Visual Studio Version 16
VisualStudioVersion = 16.0.31702.278
MinimumVisualStudioVersion = 10.0.40219.1
Project("{888888A0-9F3D-457C-B088-3A5042F75D52}") = "Wython Python", "Wython Python.pyproj", "{CBFC2E93-D43E-4A3B-8AD6-3D801B60DD30}"
EndProject
Global
	GlobalSection(SolutionConfigurationPlatforms) = preSolution
		Debug|Any CPU = Debug|Any CPU
		Release|Any CPU = Release|Any CPU
	EndGlobalSection
	GlobalSection(ProjectConfigurationPlatforms) = postSolution
		{CBFC2E93-D43E-4A3B-8AD6-3D801B60DD30}.Debug|Any CPU.ActiveCfg = Debug|Any CPU
		{CBFC2E93-D43E-4A3B-8AD6-3D801B60DD30}.Release|Any CPU.ActiveCfg = Release|Any CPU
	EndGlobalSection
	GlobalSection(SolutionProperties) = preSolution
		HideSolutionNode = FALSE
	EndGlobalSection
	GlobalSection(ExtensibilityGlobals) = postSolution
		SolutionGuid = {CA9B7840-A882-4ED6-9659-D121B39F3A30}
	EndGlobalSection
EndGlobal
